
Microsoft Visual Studio Solution File, Format Version 12.00
# Visual Studio Version 17
VisualStudioVersion = 17.6.33723.286
MinimumVisualStudioVersion = 10.0.40219.1
Project("{FAE04EC0-301F-11D3-BF4B-00C04F79EFBC}") = "phuthanet", "phuthanet\phuthanet.csproj", "{EDBCD074-27C1-498B-BBAD-9CB70F1D9DB9}"
EndProject
Global
	GlobalSection(SolutionConfigurationPlatforms) = preSolution
		Debug|Any CPU = Debug|Any CPU
		Release|Any CPU = Release|Any CPU
	EndGlobalSection
	GlobalSection(ProjectConfigurationPlatforms) = postSolution
		{EDBCD074-27C1-498B-BBAD-9CB70F1D9DB9}.Debug|Any CPU.ActiveCfg = Debug|Any CPU
		{EDBCD074-27C1-498B-BBAD-9CB70F1D9DB9}.Debug|Any CPU.Build.0 = Debug|Any CPU
		{EDBCD074-27C1-498B-BBAD-9CB70F1D9DB9}.Release|Any CPU.ActiveCfg = Release|Any CPU
		{EDBCD074-27C1-498B-BBAD-9CB70F1D9DB9}.Release|Any CPU.Build.0 = Release|Any CPU
	EndGlobalSection
	GlobalSection(SolutionProperties) = preSolution
		HideSolutionNode = FALSE
	EndGlobalSection
	GlobalSection(ExtensibilityGlobals) = postSolution
		SolutionGuid = {387D2AA1-87DC-4BEF-A305-3647F8D5EB02}
	EndGlobalSection
EndGlobal
